// !$*UTF8*$!
{
	archiveVersion = 1;
	classes = {
	};
	objectVersion = 50;
	objects = {

/* Begin PBXBuildFile section */
		183A0EFB22DCFB5F00F860F6 /* CompleteToDoViewController.swift in Sources */ = {isa = PBXBuildFile; fileRef = 183A0EFA22DCFB5F00F860F6 /* CompleteToDoViewController.swift */; };
		18F9E48522DCCCDE00B9172B /* AppDelegate.swift in Sources */ = {isa = PBXBuildFile; fileRef = 18F9E48422DCCCDE00B9172B /* AppDelegate.swift */; };
		18F9E48A22DCCCDE00B9172B /* Main.storyboard in Resources */ = {isa = PBXBuildFile; fileRef = 18F9E48822DCCCDE00B9172B /* Main.storyboard */; };
		18F9E48D22DCCCDE00B9172B /* ToDoList.xcdatamodeld in Sources */ = {isa = PBXBuildFile; fileRef = 18F9E48B22DCCCDE00B9172B /* ToDoList.xcdatamodeld */; };
		18F9E48F22DCCCDF00B9172B /* Assets.xcassets in Resources */ = {isa = PBXBuildFile; fileRef = 18F9E48E22DCCCDF00B9172B /* Assets.xcassets */; };
		18F9E49222DCCCDF00B9172B /* LaunchScreen.storyboard in Resources */ = {isa = PBXBuildFile; fileRef = 18F9E49022DCCCDF00B9172B /* LaunchScreen.storyboard */; };
		18F9E49A22DCD03100B9172B /* ToDoTableViewController.swift in Sources */ = {isa = PBXBuildFile; fileRef = 18F9E49922DCD03100B9172B /* ToDoTableViewController.swift */; };
		18F9E49C22DCD0A400B9172B /* ToDo.swift in Sources */ = {isa = PBXBuildFile; fileRef = 18F9E49B22DCD0A400B9172B /* ToDo.swift */; };
		18F9E49E22DCD64400B9172B /* AddToDoViewController.swift in Sources */ = {isa = PBXBuildFile; fileRef = 18F9E49D22DCD64400B9172B /* AddToDoViewController.swift */; };
/* End PBXBuildFile section */

/* Begin PBXFileReference section */
		183A0EFA22DCFB5F00F860F6 /* CompleteToDoViewController.swift */ = {isa = PBXFileReference; lastKnownFileType = sourcecode.swift; path = CompleteToDoViewController.swift; sourceTree = "<group>"; };
		18F9E48122DCCCDE00B9172B /* ToDoList.app */ = {isa = PBXFileReference; explicitFileType = wrapper.application; includeInIndex = 0; path = ToDoList.app; sourceTree = BUILT_PRODUCTS_DIR; };
		18F9E48422DCCCDE00B9172B /* AppDelegate.swift */ = {isa = PBXFileReference; lastKnownFileType = sourcecode.swift; path = AppDelegate.swift; sourceTree = "<group>"; };
		18F9E48922DCCCDE00B9172B /* Base */ = {isa = PBXFileReference; lastKnownFileType = file.storyboard; name = Base; path = Base.lproj/Main.storyboard; sourceTree = "<group>"; };
		18F9E48C22DCCCDE00B9172B /* ToDoList.xcdatamodel */ = {isa = PBXFileReference; lastKnownFileType = wrapper.xcdatamodel; path = ToDoList.xcdatamodel; sourceTree = "<group>"; };
		18F9E48E22DCCCDF00B9172B /* Assets.xcassets */ = {isa = PBXFileReference; lastKnownFileType = folder.assetcatalog; path = Assets.xcassets; sourceTree = "<group>"; };
		18F9E49122DCCCDF00B9172B /* Base */ = {isa = PBXFileReference; lastKnownFileType = file.storyboard; name = Base; path = Base.lproj/LaunchScreen.storyboard; sourceTree = "<group>"; };
		18F9E49322DCCCDF00B9172B /* Info.plist */ = {isa = PBXFileReference; lastKnownFileType = text.plist.xml; path = Info.plist; sourceTree = "<group>"; };
		18F9E49922DCD03100B9172B /* ToDoTableViewController.swift */ = {isa = PBXFileReference; lastKnownFileType = sourcecode.swift; path = ToDoTableViewController.swift; sourceTree = "<group>"; };
		18F9E49B22DCD0A400B9172B /* ToDo.swift */ = {isa = PBXFileReference; lastKnownFileType = sourcecode.swift; path = ToDo.swift; sourceTree = "<group>"; };
		18F9E49D22DCD64400B9172B /* AddToDoViewController.swift */ = {isa = PBXFileReference; lastKnownFileType = sourcecode.swift; path = AddToDoViewController.swift; sourceTree = "<group>"; };
/* End PBXFileReference section */

/* Begin PBXFrameworksBuildPhase section */
		18F9E47E22DCCCDE00B9172B /* Frameworks */ = {
			isa = PBXFrameworksBuildPhase;
			buildActionMask = 2147483647;
			files = (
			);
			runOnlyForDeploymentPostprocessing = 0;
		};
/* End PBXFrameworksBuildPhase section */

/* Begin PBXGroup section */
		18F9E47822DCCCDE00B9172B = {
			isa = PBXGroup;
			children = (
				18F9E48322DCCCDE00B9172B /* ToDoList */,
				18F9E48222DCCCDE00B9172B /* Products */,
			);
			sourceTree = "<group>";
		};
		18F9E48222DCCCDE00B9172B /* Products */ = {
			isa = PBXGroup;
			children = (
				18F9E48122DCCCDE00B9172B /* ToDoList.app */,
			);
			name = Products;
			sourceTree = "<group>";
		};
		18F9E48322DCCCDE00B9172B /* ToDoList */ = {
			isa = PBXGroup;
			children = (
				18F9E48422DCCCDE00B9172B /* AppDelegate.swift */,
				18F9E48822DCCCDE00B9172B /* Main.storyboard */,
				18F9E49922DCD03100B9172B /* ToDoTableViewController.swift */,
				18F9E49B22DCD0A400B9172B /* ToDo.swift */,
				18F9E49D22DCD64400B9172B /* AddToDoViewController.swift */,
				18F9E48E22DCCCDF00B9172B /* Assets.xcassets */,
				18F9E49022DCCCDF00B9172B /* LaunchScreen.storyboard */,
				18F9E49322DCCCDF00B9172B /* Info.plist */,
				183A0EFA22DCFB5F00F860F6 /* CompleteToDoViewController.swift */,
				18F9E48B22DCCCDE00B9172B /* ToDoList.xcdatamodeld */,
			);
			path = ToDoList;
			sourceTree = "<group>";
		};
/* End PBXGroup section */

/* Begin PBXNativeTarget section */
		18F9E48022DCCCDE00B9172B /* ToDoList */ = {
			isa = PBXNativeTarget;
			buildConfigurationList = 18F9E49622DCCCDF00B9172B /* Build configuration list for PBXNativeTarget "ToDoList" */;
			buildPhases = (
				18F9E47D22DCCCDE00B9172B /* Sources */,
				18F9E47E22DCCCDE00B9172B /* Frameworks */,
				18F9E47F22DCCCDE00B9172B /* Resources */,
			);
			buildRules = (
			);
			dependencies = (
			);
			name = ToDoList;
			productName = ToDoList;
			productReference = 18F9E48122DCCCDE00B9172B /* ToDoList.app */;
			productType = "com.apple.product-type.application";
		};
/* End PBXNativeTarget section */

/* Begin PBXProject section */
		18F9E47922DCCCDE00B9172B /* Project object */ = {
			isa = PBXProject;
			attributes = {
				LastSwiftUpdateCheck = 1020;
				LastUpgradeCheck = 1020;
				ORGANIZATIONNAME = "Kiarra Villaraza";
				TargetAttributes = {
					18F9E48022DCCCDE00B9172B = {
						CreatedOnToolsVersion = 10.2.1;
					};
				};
			};
			buildConfigurationList = 18F9E47C22DCCCDE00B9172B /* Build configuration list for PBXProject "ToDoList" */;
			compatibilityVersion = "Xcode 9.3";
			developmentRegion = en;
			hasScannedForEncodings = 0;
			knownRegions = (
				en,
				Base,
			);
			mainGroup = 18F9E47822DCCCDE00B9172B;
			productRefGroup = 18F9E48222DCCCDE00B9172B /* Products */;
			projectDirPath = "";
			projectRoot = "";
			targets = (
				18F9E48022DCCCDE00B9172B /* ToDoList */,
			);
		};
/* End PBXProject section */

/* Begin PBXResourcesBuildPhase section */
		18F9E47F22DCCCDE00B9172B /* Resources */ = {
			isa = PBXResourcesBuildPhase;
			buildActionMask = 2147483647;
			files = (
				18F9E49222DCCCDF00B9172B /* LaunchScreen.storyboard in Resources */,
				18F9E48F22DCCCDF00B9172B /* Assets.xcassets in Resources */,
				18F9E48A22DCCCDE00B9172B /* Main.storyboard in Resources */,
			);
			runOnlyForDeploymentPostprocessing = 0;
		};
/* End PBXResourcesBuildPhase section */

/* Begin PBXSourcesBuildPhase section */
		18F9E47D22DCCCDE00B9172B /* Sources */ = {
			isa = PBXSourcesBuildPhase;
			buildActionMask = 2147483647;
			files = (
				18F9E48D22DCCCDE00B9172B /* ToDoList.xcdatamodeld in Sources */,
				18F9E49A22DCD03100B9172B /* ToDoTableViewController.swift in Sources */,
				18F9E49E22DCD64400B9172B /* AddToDoViewController.swift in Sources */,
				18F9E48522DCCCDE00B9172B /* AppDelegate.swift in Sources */,
				183A0EFB22DCFB5F00F860F6 /* CompleteToDoViewController.swift in Sources */,
				18F9E49C22DCD0A400B9172B /* ToDo.swift in Sources */,
			);
			runOnlyForDeploymentPostprocessing = 0;
		};
/* End PBXSourcesBuildPhase section */

/* Begin PBXVariantGroup section */
		18F9E48822DCCCDE00B9172B /* Main.storyboard */ = {
			isa = PBXVariantGroup;
			children = (
				18F9E48922DCCCDE00B9172B /* Base */,
			);
			name = Main.storyboard;
			sourceTree = "<group>";
		};
		18F9E49022DCCCDF00B9172B /* LaunchScreen.storyboard */ = {
			isa = PBXVariantGroup;
			children = (
				18F9E49122DCCCDF00B9172B /* Base */,
			);
			name = LaunchScreen.storyboard;
			sourceTree = "<group>";
		};
/* End PBXVariantGroup section */

/* Begin XCBuildConfiguration section */
		18F9E49422DCCCDF00B9172B /* Debug */ = {
			isa = XCBuildConfiguration;
			buildSettings = {
				ALWAYS_SEARCH_USER_PATHS = NO;
				CLANG_ANALYZER_NONNULL = YES;
				CLANG_ANALYZER_NUMBER_OBJECT_CONVERSION = YES_AGGRESSIVE;
				CLANG_CXX_LANGUAGE_STANDARD = "gnu++14";
				CLANG_CXX_LIBRARY = "libc++";
				CLANG_ENABLE_MODULES = YES;
				CLANG_ENABLE_OBJC_ARC = YES;
				CLANG_ENABLE_OBJC_WEAK = YES;
				CLANG_WARN_BLOCK_CAPTURE_AUTORELEASING = YES;
				CLANG_WARN_BOOL_CONVERSION = YES;
				CLANG_WARN_COMMA = YES;
				CLANG_WARN_CONSTANT_CONVERSION = YES;
				CLANG_WARN_DEPRECATED_OBJC_IMPLEMENTATIONS = YES;
				CLANG_WARN_DIRECT_OBJC_ISA_USAGE = YES_ERROR;
				CLANG_WARN_DOCUMENTATION_COMMENTS = YES;
				CLANG_WARN_EMPTY_BODY = YES;
				CLANG_WARN_ENUM_CONVERSION = YES;
				CLANG_WARN_INFINITE_RECURSION = YES;
				CLANG_WARN_INT_CONVERSION = YES;
				CLANG_WARN_NON_LITERAL_NULL_CONVERSION = YES;
				CLANG_WARN_OBJC_IMPLICIT_RETAIN_SELF = YES;
				CLANG_WARN_OBJC_LITERAL_CONVERSION = YES;
				CLANG_WARN_OBJC_ROOT_CLASS = YES_ERROR;
				CLANG_WARN_RANGE_LOOP_ANALYSIS = YES;
				CLANG_WARN_STRICT_PROTOTYPES = YES;
				CLANG_WARN_SUSPICIOUS_MOVE = YES;
				CLANG_WARN_UNGUARDED_AVAILABILITY = YES_AGGRESSIVE;
				CLANG_WARN_UNREACHABLE_CODE = YES;
				CLANG_WARN__DUPLICATE_METHOD_MATCH = YES;
				CODE_SIGN_IDENTITY = "iPhone Developer";
				COPY_PHASE_STRIP = NO;
				DEBUG_INFORMATION_FORMAT = dwarf;
				ENABLE_STRICT_OBJC_MSGSEND = YES;
				ENABLE_TESTABILITY = YES;
				GCC_C_LANGUAGE_STANDARD = gnu11;
				GCC_DYNAMIC_NO_PIC = NO;
				GCC_NO_COMMON_BLOCKS = YES;
				GCC_OPTIMIZATION_LEVEL = 0;
				GCC_PREPROCESSOR_DEFINITIONS = (
					"DEBUG=1",
					"$(inherited)",
				);
				GCC_WARN_64_TO_32_BIT_CONVERSION = YES;
				GCC_WARN_ABOUT_RETURN_TYPE = YES_ERROR;
				GCC_WARN_UNDECLARED_SELECTOR = YES;
				GCC_WARN_UNINITIALIZED_AUTOS = YES_AGGRESSIVE;
				GCC_WARN_UNUSED_FUNCTION = YES;
				GCC_WARN_UNUSED_VARIABLE = YES;
				IPHONEOS_DEPLOYMENT_TARGET = 12.2;
				MTL_ENABLE_DEBUG_INFO = INCLUDE_SOURCE;
				MTL_FAST_MATH = YES;
				ONLY_ACTIVE_ARCH = YES;
				SDKROOT = iphoneos;
				SWIFT_ACTIVE_COMPILATION_CONDITIONS = DEBUG;
				SWIFT_OPTIMIZATION_LEVEL = "-Onone";
			};
			name = Debug;
		};
		18F9E49522DCCCDF00B9172B /* Release */ = {
			isa = XCBuildConfiguration;
			buildSettings = {
				ALWAYS_SEARCH_USER_PATHS = NO;
				CLANG_ANALYZER_NONNULL = YES;
				CLANG_ANALYZER_NUMBER_OBJECT_CONVERSION = YES_AGGRESSIVE;
				CLANG_CXX_LANGUAGE_STANDARD = "gnu++14";
				CLANG_CXX_LIBRARY = "libc++";
				CLANG_ENABLE_MODULES = YES;
				CLANG_ENABLE_OBJC_ARC = YES;
				CLANG_ENABLE_OBJC_WEAK = YES;
				CLANG_WARN_BLOCK_CAPTURE_AUTORELEASING = YES;
				CLANG_WARN_BOOL_CONVERSION = YES;
				CLANG_WARN_COMMA = YES;
				CLANG_WARN_CONSTANT_CONVERSION = YES;
				CLANG_WARN_DEPRECATED_OBJC_IMPLEMENTATIONS = YES;
				CLANG_WARN_DIRECT_OBJC_ISA_USAGE = YES_ERROR;
				CLANG_WARN_DOCUMENTATION_COMMENTS = YES;
				CLANG_WARN_EMPTY_BODY = YES;
				CLANG_WARN_ENUM_CONVERSION = YES;
				CLANG_WARN_INFINITE_RECURSION = YES;
				CLANG_WARN_INT_CONVERSION = YES;
				CLANG_WARN_NON_LITERAL_NULL_CONVERSION = YES;
				CLANG_WARN_OBJC_IMPLICIT_RETAIN_SELF = YES;
				CLANG_WARN_OBJC_LITERAL_CONVERSION = YES;
				CLANG_WARN_OBJC_ROOT_CLASS = YES_ERROR;
				CLANG_WARN_RANGE_LOOP_ANALYSIS = YES;
				CLANG_WARN_STRICT_PROTOTYPES = YES;
				CLANG_WARN_SUSPICIOUS_MOVE = YES;
				CLANG_WARN_UNGUARDED_AVAILABILITY = YES_AGGRESSIVE;
				CLANG_WARN_UNREACHABLE_CODE = YES;
				CLANG_WARN__DUPLICATE_METHOD_MATCH = YES;
				CODE_SIGN_IDENTITY = "iPhone Developer";
				COPY_PHASE_STRIP = NO;
				DEBUG_INFORMATION_FORMAT = "dwarf-with-dsym";
				ENABLE_NS_ASSERTIONS = NO;
				ENABLE_STRICT_OBJC_MSGSEND = YES;
				GCC_C_LANGUAGE_STANDARD = gnu11;
				GCC_NO_COMMON_BLOCKS = YES;
				GCC_WARN_64_TO_32_BIT_CONVERSION = YES;
				GCC_WARN_ABOUT_RETURN_TYPE = YES_ERROR;
				GCC_WARN_UNDECLARED_SELECTOR = YES;
				GCC_WARN_UNINITIALIZED_AUTOS = YES_AGGRESSIVE;
				GCC_WARN_UNUSED_FUNCTION = YES;
				GCC_WARN_UNUSED_VARIABLE = YES;
				IPHONEOS_DEPLOYMENT_TARGET = 12.2;
				MTL_ENABLE_DEBUG_INFO = NO;
				MTL_FAST_MATH = YES;
				SDKROOT = iphoneos;
				SWIFT_COMPILATION_MODE = wholemodule;
				SWIFT_OPTIMIZATION_LEVEL = "-O";
				VALIDATE_PRODUCT = YES;
			};
			name = Release;
		};
		18F9E49722DCCCDF00B9172B /* Debug */ = {
			isa = XCBuildConfiguration;
			buildSettings = {
				ASSETCATALOG_COMPILER_APPICON_NAME = AppIcon;
				CODE_SIGN_STYLE = Automatic;
				DEVELOPMENT_TEAM = RKZ39K93HH;
				INFOPLIST_FILE = ToDoList/Info.plist;
				LD_RUNPATH_SEARCH_PATHS = (
					"$(inherited)",
					"@executable_path/Frameworks",
				);
				PRODUCT_BUNDLE_IDENTIFIER = "Kiarra-Villaraza.ToDoList";
				PRODUCT_NAME = "$(TARGET_NAME)";
				SWIFT_VERSION = 5.0;
				TARGETED_DEVICE_FAMILY = "1,2";
			};
			name = Debug;
		};
		18F9E49822DCCCDF00B9172B /* Release */ = {
			isa = XCBuildConfiguration;
			buildSettings = {
				ASSETCATALOG_COMPILER_APPICON_NAME = AppIcon;
				CODE_SIGN_STYLE = Automatic;
				DEVELOPMENT_TEAM = RKZ39K93HH;
				INFOPLIST_FILE = ToDoList/Info.plist;
				LD_RUNPATH_SEARCH_PATHS = (
					"$(inherited)",
					"@executable_path/Frameworks",
				);
				PRODUCT_BUNDLE_IDENTIFIER = "Kiarra-Villaraza.ToDoList";
				PRODUCT_NAME = "$(TARGET_NAME)";
				SWIFT_VERSION = 5.0;
				TARGETED_DEVICE_FAMILY = "1,2";
			};
			name = Release;
		};
/* End XCBuildConfiguration section */

/* Begin XCConfigurationList section */
		18F9E47C22DCCCDE00B9172B /* Build configuration list for PBXProject "ToDoList" */ = {
			isa = XCConfigurationList;
			buildConfigurations = (
				18F9E49422DCCCDF00B9172B /* Debug */,
				18F9E49522DCCCDF00B9172B /* Release */,
			);
			defaultConfigurationIsVisible = 0;
			defaultConfigurationName = Release;
		};
		18F9E49622DCCCDF00B9172B /* Build configuration list for PBXNativeTarget "ToDoList" */ = {
			isa = XCConfigurationList;
			buildConfigurations = (
				18F9E49722DCCCDF00B9172B /* Debug */,
				18F9E49822DCCCDF00B9172B /* Release */,
			);
			defaultConfigurationIsVisible = 0;
			defaultConfigurationName = Release;
		};
/* End XCConfigurationList section */

/* Begin XCVersionGroup section */
		18F9E48B22DCCCDE00B9172B /* ToDoList.xcdatamodeld */ = {
			isa = XCVersionGroup;
			children = (
				18F9E48C22DCCCDE00B9172B /* ToDoList.xcdatamodel */,
			);
			currentVersion = 18F9E48C22DCCCDE00B9172B /* ToDoList.xcdatamodel */;
			path = ToDoList.xcdatamodeld;
			sourceTree = "<group>";
			versionGroupType = wrapper.xcdatamodel;
		};
/* End XCVersionGroup section */
	};
	rootObject = 18F9E47922DCCCDE00B9172B /* Project object */;
}
